
Microsoft Visual Studio Solution File, Format Version 12.00
# Visual Studio Version 17
VisualStudioVersion = 17.9.34701.34
MinimumVisualStudioVersion = 10.0.40219.1
Project("{FAE04EC0-301F-11D3-BF4B-00C04F79EFBC}") = "YoutubeDownloader", "YoutubeDownloader\YoutubeDownloader.csproj", "{DE16E37A-07B0-4BCE-8081-3035D602B554}"
EndProject
Global
	GlobalSection(SolutionConfigurationPlatforms) = preSolution
		Debug|Any CPU = Debug|Any CPU
		Release|Any CPU = Release|Any CPU
	EndGlobalSection
	GlobalSection(ProjectConfigurationPlatforms) = postSolution
		{DE16E37A-07B0-4BCE-8081-3035D602B554}.Debug|Any CPU.ActiveCfg = Debug|Any CPU
		{DE16E37A-07B0-4BCE-8081-3035D602B554}.Debug|Any CPU.Build.0 = Debug|Any CPU
		{DE16E37A-07B0-4BCE-8081-3035D602B554}.Release|Any CPU.ActiveCfg = Release|Any CPU
		{DE16E37A-07B0-4BCE-8081-3035D602B554}.Release|Any CPU.Build.0 = Release|Any CPU
	EndGlobalSection
	GlobalSection(SolutionProperties) = preSolution
		HideSolutionNode = FALSE
	EndGlobalSection
	GlobalSection(ExtensibilityGlobals) = postSolution
		SolutionGuid = {FA561B03-15BA-4AF6-AAF1-03F8E2892591}
	EndGlobalSection
EndGlobal
